
Microsoft Visual Studio Solution File, Format Version 12.00
# Visual Studio Version 16
VisualStudioVersion = 16.0.808.8
MinimumVisualStudioVersion = 10.0.40219.1
Project("{FAE04EC0-301F-11D3-BF4B-00C04F79EFBC}") = "ChooseGamesALL", "ChooseGamesALL\ChooseGamesALL.csproj", "{0839CE01-A7AF-4749-B7C7-7E4F17C9D07B}"
EndProject
Global
	GlobalSection(SolutionConfigurationPlatforms) = preSolution
		Debug|Any CPU = Debug|Any CPU
		Release|Any CPU = Release|Any CPU
	EndGlobalSection
	GlobalSection(ProjectConfigurationPlatforms) = postSolution
		{0839CE01-A7AF-4749-B7C7-7E4F17C9D07B}.Debug|Any CPU.ActiveCfg = Debug|Any CPU
		{0839CE01-A7AF-4749-B7C7-7E4F17C9D07B}.Debug|Any CPU.Build.0 = Debug|Any CPU
		{0839CE01-A7AF-4749-B7C7-7E4F17C9D07B}.Release|Any CPU.ActiveCfg = Release|Any CPU
		{0839CE01-A7AF-4749-B7C7-7E4F17C9D07B}.Release|Any CPU.Build.0 = Release|Any CPU
	EndGlobalSection
	GlobalSection(SolutionProperties) = preSolution
		HideSolutionNode = FALSE
	EndGlobalSection
	GlobalSection(ExtensibilityGlobals) = postSolution
		SolutionGuid = {56643B5E-7D6E-4269-A723-81DEA25DED5A}
	EndGlobalSection
EndGlobal
